{
  "name": "nodejs-publish-demo",
  "version": "1.0.0",
  "lockfileVersion": 2,
  "requires": true,
  "packages": {
    "": {
      "name": "nodejs-publish-demo",
      "version": "1.0.0",
      "license": "ISC",
      "dependencies": {
        "nodejs-publish-demo": "^1.0.0"
      }
    },
    "node_modules/nodejs-publish-demo": {
      "version": "1.0.0",
      "resolved": "https://registry.npmjs.org/nodejs-publish-demo/-/nodejs-publish-demo-1.0.0.tgz",
      "integrity": "sha512-j9p3eiJCLh+bGnrNKWx2dMfyZjchtWKLiLDdUO6sTGpMsl8HArFHTtMZlaSDP0TQCGl3gnBZvrHVT8jhJVrwKA=="
    }
  },
  "dependencies": {
    "nodejs-publish-demo": {
      "version": "1.0.0",
      "resolved": "https://registry.npmjs.org/nodejs-publish-demo/-/nodejs-publish-demo-1.0.0.tgz",
      "integrity": "sha512-j9p3eiJCLh+bGnrNKWx2dMfyZjchtWKLiLDdUO6sTGpMsl8HArFHTtMZlaSDP0TQCGl3gnBZvrHVT8jhJVrwKA=="
    }
  }
}
